
Microsoft Visual Studio Solution File, Format Version 12.00
# Visual Studio Version 17
VisualStudioVersion = 17.0.31912.275
MinimumVisualStudioVersion = 10.0.40219.1
Project("{FAE04EC0-301F-11D3-BF4B-00C04F79EFBC}") = "HopeThisWorks", "HopeThisWorks\HopeThisWorks.csproj", "{3675C60C-5510-47F6-8187-E9E25959911B}"
EndProject
Global
	GlobalSection(SolutionConfigurationPlatforms) = preSolution
		Debug|Any CPU = Debug|Any CPU
		Release|Any CPU = Release|Any CPU
	EndGlobalSection
	GlobalSection(ProjectConfigurationPlatforms) = postSolution
		{3675C60C-5510-47F6-8187-E9E25959911B}.Debug|Any CPU.ActiveCfg = Debug|Any CPU
		{3675C60C-5510-47F6-8187-E9E25959911B}.Debug|Any CPU.Build.0 = Debug|Any CPU
		{3675C60C-5510-47F6-8187-E9E25959911B}.Release|Any CPU.ActiveCfg = Release|Any CPU
		{3675C60C-5510-47F6-8187-E9E25959911B}.Release|Any CPU.Build.0 = Release|Any CPU
	EndGlobalSection
	GlobalSection(SolutionProperties) = preSolution
		HideSolutionNode = FALSE
	EndGlobalSection
	GlobalSection(ExtensibilityGlobals) = postSolution
		SolutionGuid = {91747740-D10A-483A-928F-F179CC8CA922}
	EndGlobalSection
EndGlobal
